
Microsoft Visual Studio Solution File, Format Version 12.00
# Visual Studio Version 16
VisualStudioVersion = 16.0.29609.76
MinimumVisualStudioVersion = 10.0.40219.1
Project("{FAE04EC0-301F-11D3-BF4B-00C04F79EFBC}") = "lelab.Android", "lelab\lelab.Android\lelab.Android.csproj", "{1FF1170F-82FE-4D08-B4DD-C2E4B4C9792A}"
EndProject
Project("{FAE04EC0-301F-11D3-BF4B-00C04F79EFBC}") = "lelab.iOS", "lelab\lelab.iOS\lelab.iOS.csproj", "{F248B84A-98E1-42B6-8623-F5A8A8DFF803}"
EndProject
Project("{FAE04EC0-301F-11D3-BF4B-00C04F79EFBC}") = "lelab", "lelab\lelab\lelab.csproj", "{C1282163-BCF5-400A-A14D-49F77E49C598}"
EndProject
Global
	GlobalSection(SolutionConfigurationPlatforms) = preSolution
		Debug|Any CPU = Debug|Any CPU
		Debug|iPhone = Debug|iPhone
		Debug|iPhoneSimulator = Debug|iPhoneSimulator
		Release|Any CPU = Release|Any CPU
		Release|iPhone = Release|iPhone
		Release|iPhoneSimulator = Release|iPhoneSimulator
	EndGlobalSection
	GlobalSection(ProjectConfigurationPlatforms) = postSolution
		{1FF1170F-82FE-4D08-B4DD-C2E4B4C9792A}.Debug|Any CPU.ActiveCfg = Debug|Any CPU
		{1FF1170F-82FE-4D08-B4DD-C2E4B4C9792A}.Debug|Any CPU.Build.0 = Debug|Any CPU
		{1FF1170F-82FE-4D08-B4DD-C2E4B4C9792A}.Debug|Any CPU.Deploy.0 = Debug|Any CPU
		{1FF1170F-82FE-4D08-B4DD-C2E4B4C9792A}.Debug|iPhone.ActiveCfg = Debug|Any CPU
		{1FF1170F-82FE-4D08-B4DD-C2E4B4C9792A}.Debug|iPhone.Build.0 = Debug|Any CPU
		{1FF1170F-82FE-4D08-B4DD-C2E4B4C9792A}.Debug|iPhone.Deploy.0 = Debug|Any CPU
		{1FF1170F-82FE-4D08-B4DD-C2E4B4C9792A}.Debug|iPhoneSimulator.ActiveCfg = Debug|Any CPU
		{1FF1170F-82FE-4D08-B4DD-C2E4B4C9792A}.Debug|iPhoneSimulator.Build.0 = Debug|Any CPU
		{1FF1170F-82FE-4D08-B4DD-C2E4B4C9792A}.Debug|iPhoneSimulator.Deploy.0 = Debug|Any CPU
		{1FF1170F-82FE-4D08-B4DD-C2E4B4C9792A}.Release|Any CPU.ActiveCfg = Release|Any CPU
		{1FF1170F-82FE-4D08-B4DD-C2E4B4C9792A}.Release|Any CPU.Build.0 = Release|Any CPU
		{1FF1170F-82FE-4D08-B4DD-C2E4B4C9792A}.Release|Any CPU.Deploy.0 = Release|Any CPU
		{1FF1170F-82FE-4D08-B4DD-C2E4B4C9792A}.Release|iPhone.ActiveCfg = Release|Any CPU
		{1FF1170F-82FE-4D08-B4DD-C2E4B4C9792A}.Release|iPhone.Build.0 = Release|Any CPU
		{1FF1170F-82FE-4D08-B4DD-C2E4B4C9792A}.Release|iPhone.Deploy.0 = Release|Any CPU
		{1FF1170F-82FE-4D08-B4DD-C2E4B4C9792A}.Release|iPhoneSimulator.ActiveCfg = Release|Any CPU
		{1FF1170F-82FE-4D08-B4DD-C2E4B4C9792A}.Release|iPhoneSimulator.Build.0 = Release|Any CPU
		{1FF1170F-82FE-4D08-B4DD-C2E4B4C9792A}.Release|iPhoneSimulator.Deploy.0 = Release|Any CPU
		{F248B84A-98E1-42B6-8623-F5A8A8DFF803}.Debug|Any CPU.ActiveCfg = Debug|iPhoneSimulator
		{F248B84A-98E1-42B6-8623-F5A8A8DFF803}.Debug|Any CPU.Build.0 = Debug|iPhoneSimulator
		{F248B84A-98E1-42B6-8623-F5A8A8DFF803}.Debug|Any CPU.Deploy.0 = Debug|iPhoneSimulator
		{F248B84A-98E1-42B6-8623-F5A8A8DFF803}.Debug|iPhone.ActiveCfg = Debug|iPhone
		{F248B84A-98E1-42B6-8623-F5A8A8DFF803}.Debug|iPhone.Build.0 = Debug|iPhone
		{F248B84A-98E1-42B6-8623-F5A8A8DFF803}.Debug|iPhone.Deploy.0 = Debug|iPhone
		{F248B84A-98E1-42B6-8623-F5A8A8DFF803}.Debug|iPhoneSimulator.ActiveCfg = Debug|iPhoneSimulator
		{F248B84A-98E1-42B6-8623-F5A8A8DFF803}.Debug|iPhoneSimulator.Build.0 = Debug|iPhoneSimulator
		{F248B84A-98E1-42B6-8623-F5A8A8DFF803}.Debug|iPhoneSimulator.Deploy.0 = Debug|iPhoneSimulator
		{F248B84A-98E1-42B6-8623-F5A8A8DFF803}.Release|Any CPU.ActiveCfg = Release|iPhone
		{F248B84A-98E1-42B6-8623-F5A8A8DFF803}.Release|Any CPU.Build.0 = Release|iPhone
		{F248B84A-98E1-42B6-8623-F5A8A8DFF803}.Release|Any CPU.Deploy.0 = Release|iPhone
		{F248B84A-98E1-42B6-8623-F5A8A8DFF803}.Release|iPhone.ActiveCfg = Release|iPhone
		{F248B84A-98E1-42B6-8623-F5A8A8DFF803}.Release|iPhone.Build.0 = Release|iPhone
		{F248B84A-98E1-42B6-8623-F5A8A8DFF803}.Release|iPhone.Deploy.0 = Release|iPhone
		{F248B84A-98E1-42B6-8623-F5A8A8DFF803}.Release|iPhoneSimulator.ActiveCfg = Release|iPhoneSimulator
		{F248B84A-98E1-42B6-8623-F5A8A8DFF803}.Release|iPhoneSimulator.Build.0 = Release|iPhoneSimulator
		{F248B84A-98E1-42B6-8623-F5A8A8DFF803}.Release|iPhoneSimulator.Deploy.0 = Release|iPhoneSimulator
		{C1282163-BCF5-400A-A14D-49F77E49C598}.Debug|Any CPU.ActiveCfg = Debug|Any CPU
		{C1282163-BCF5-400A-A14D-49F77E49C598}.Debug|Any CPU.Build.0 = Debug|Any CPU
		{C1282163-BCF5-400A-A14D-49F77E49C598}.Debug|Any CPU.Deploy.0 = Debug|Any CPU
		{C1282163-BCF5-400A-A14D-49F77E49C598}.Debug|iPhone.ActiveCfg = Debug|Any CPU
		{C1282163-BCF5-400A-A14D-49F77E49C598}.Debug|iPhone.Build.0 = Debug|Any CPU
		{C1282163-BCF5-400A-A14D-49F77E49C598}.Debug|iPhone.Deploy.0 = Debug|Any CPU
		{C1282163-BCF5-400A-A14D-49F77E49C598}.Debug|iPhoneSimulator.ActiveCfg = Debug|Any CPU
		{C1282163-BCF5-400A-A14D-49F77E49C598}.Debug|iPhoneSimulator.Build.0 = Debug|Any CPU
		{C1282163-BCF5-400A-A14D-49F77E49C598}.Debug|iPhoneSimulator.Deploy.0 = Debug|Any CPU
		{C1282163-BCF5-400A-A14D-49F77E49C598}.Release|Any CPU.ActiveCfg = Release|Any CPU
		{C1282163-BCF5-400A-A14D-49F77E49C598}.Release|Any CPU.Build.0 = Release|Any CPU
		{C1282163-BCF5-400A-A14D-49F77E49C598}.Release|Any CPU.Deploy.0 = Release|Any CPU
		{C1282163-BCF5-400A-A14D-49F77E49C598}.Release|iPhone.ActiveCfg = Release|Any CPU
		{C1282163-BCF5-400A-A14D-49F77E49C598}.Release|iPhone.Build.0 = Release|Any CPU
		{C1282163-BCF5-400A-A14D-49F77E49C598}.Release|iPhone.Deploy.0 = Release|Any CPU
		{C1282163-BCF5-400A-A14D-49F77E49C598}.Release|iPhoneSimulator.ActiveCfg = Release|Any CPU
		{C1282163-BCF5-400A-A14D-49F77E49C598}.Release|iPhoneSimulator.Build.0 = Release|Any CPU
		{C1282163-BCF5-400A-A14D-49F77E49C598}.Release|iPhoneSimulator.Deploy.0 = Release|Any CPU
	EndGlobalSection
	GlobalSection(SolutionProperties) = preSolution
		HideSolutionNode = FALSE
	EndGlobalSection
	GlobalSection(ExtensibilityGlobals) = postSolution
		SolutionGuid = {492810D8-DB9E-44FB-A5E8-ABC281DFF0F1}
	EndGlobalSection
EndGlobal
